# THIS IS AN AUTOGENERATED FILE. DO NOT EDIT THIS FILE DIRECTLY.
# yarn lockfile v1


"@babel/runtime@^7.23.9":
  version "7.24.1"
  resolved "https://registry.yarnpkg.com/@babel/runtime/-/runtime-7.24.1.tgz#431f9a794d173b53720e69a6464abc6f0e2a5c57"
  integrity sha512-+BIznRzyqBf+2wCTxcKE3wDjfGeCoVE61KSHGpkzqrLi8qxqFwBeUFyId2cxkTmm55fzDGnm0+yCxaxygrLUnQ==
  dependencies:
    regenerator-runtime "^0.14.0"

"@mui/icons-material@^5.15.14":
  version "5.15.14"
  resolved "https://registry.yarnpkg.com/@mui/icons-material/-/icons-material-5.15.14.tgz#333468c94988d96203946d1cfeb8f4d7e8e7de34"
  integrity sha512-vj/51k7MdFmt+XVw94sl30SCvGx6+wJLsNYjZRgxhS6y3UtnWnypMOsm3Kmg8TN+P0dqwsjy4/fX7B1HufJIhw==
  dependencies:
    "@babel/runtime" "^7.23.9"

regenerator-runtime@^0.14.0:
  version "0.14.1"
  resolved "https://registry.yarnpkg.com/regenerator-runtime/-/regenerator-runtime-0.14.1.tgz#356ade10263f685dda125100cd862c1db895327f"
  integrity sha512-dYnhHh0nJoMfnkZs6GmmhFknAGRrLznOu5nc9ML+EJxGvrx6H7teuevqVqCuPcPK//3eDrrjQhehXVx9cnkGdw==
